
Microsoft Visual Studio Solution File, Format Version 12.00
# Visual Studio Version 17
VisualStudioVersion = 17.2.32602.215
MinimumVisualStudioVersion = 10.0.40219.1
Project("{FAE04EC0-301F-11D3-BF4B-00C04F79EFBC}") = "Languages", "Languages\Languages.csproj", "{0AFACE3F-AB16-4944-BE36-241EE8D210EC}"
EndProject
Global
	GlobalSection(SolutionConfigurationPlatforms) = preSolution
		Debug|Any CPU = Debug|Any CPU
		Release|Any CPU = Release|Any CPU
	EndGlobalSection
	GlobalSection(ProjectConfigurationPlatforms) = postSolution
		{0AFACE3F-AB16-4944-BE36-241EE8D210EC}.Debug|Any CPU.ActiveCfg = Debug|Any CPU
		{0AFACE3F-AB16-4944-BE36-241EE8D210EC}.Debug|Any CPU.Build.0 = Debug|Any CPU
		{0AFACE3F-AB16-4944-BE36-241EE8D210EC}.Release|Any CPU.ActiveCfg = Release|Any CPU
		{0AFACE3F-AB16-4944-BE36-241EE8D210EC}.Release|Any CPU.Build.0 = Release|Any CPU
	EndGlobalSection
	GlobalSection(SolutionProperties) = preSolution
		HideSolutionNode = FALSE
	EndGlobalSection
	GlobalSection(ExtensibilityGlobals) = postSolution
		SolutionGuid = {3B751719-C363-452A-B2A8-57B8CD9521C0}
	EndGlobalSection
EndGlobal
